github.com/h4ckedneko/kagi v0.0.0-20200820034449-a66a708b78cf h1:ItsrvGX46Q28YxIDiL5j8WeOAfJiPysD0kPw4uFuW8I=
github.com/h4ckedneko/kagi v0.0.0-20200820034449-a66a708b78cf/go.mod h1:NXm3TxPm6g7Not8t6hcT/p0rFYMXGa1Sz7vtLOyE4ig=
github.com/joho/godotenv v1.3.0 h1:Zjp+RcGpHhGlrMbJzXTrZZPrWj+1vfm90La1wgB6Bhc=
github.com/joho/godotenv v1.3.0/go.mod h1:7hK45KPybAkOC6peb+G5yklZfMxEjkZhHbwpqxOKXbg=
